
Microsoft Visual Studio Solution File, Format Version 12.00
# Visual Studio Version 17
VisualStudioVersion = 17.8.34525.116
MinimumVisualStudioVersion = 10.0.40219.1
Project("{8BC9CEB8-8B4A-11D0-8D11-00A0C91BC942}") = "MotorControl_v1.3", "MotorControl_v1.3.vcxproj", "{635A44A9-A0C9-43AB-8725-DE15FD19483D}"
EndProject
Global
	GlobalSection(SolutionConfigurationPlatforms) = preSolution
		Debug|x64 = Debug|x64
		Debug|x86 = Debug|x86
		Release|x64 = Release|x64
		Release|x86 = Release|x86
	EndGlobalSection
	GlobalSection(ProjectConfigurationPlatforms) = postSolution
		{635A44A9-A0C9-43AB-8725-DE15FD19483D}.Debug|x64.ActiveCfg = Debug|x64
		{635A44A9-A0C9-43AB-8725-DE15FD19483D}.Debug|x64.Build.0 = Debug|x64
		{635A44A9-A0C9-43AB-8725-DE15FD19483D}.Debug|x86.ActiveCfg = Debug|Win32
		{635A44A9-A0C9-43AB-8725-DE15FD19483D}.Debug|x86.Build.0 = Debug|Win32
		{635A44A9-A0C9-43AB-8725-DE15FD19483D}.Release|x64.ActiveCfg = Release|x64
		{635A44A9-A0C9-43AB-8725-DE15FD19483D}.Release|x64.Build.0 = Release|x64
		{635A44A9-A0C9-43AB-8725-DE15FD19483D}.Release|x86.ActiveCfg = Release|Win32
		{635A44A9-A0C9-43AB-8725-DE15FD19483D}.Release|x86.Build.0 = Release|Win32
	EndGlobalSection
	GlobalSection(SolutionProperties) = preSolution
		HideSolutionNode = FALSE
	EndGlobalSection
	GlobalSection(ExtensibilityGlobals) = postSolution
		SolutionGuid = {F5C92E13-9EF1-4D8C-B31A-C1B07DC7D6E0}
	EndGlobalSection
EndGlobal
